
Microsoft Visual Studio Solution File, Format Version 12.00
# Visual Studio Version 17
VisualStudioVersion = 17.6.33815.320
MinimumVisualStudioVersion = 10.0.40219.1
Project("{FAE04EC0-301F-11D3-BF4B-00C04F79EFBC}") = "Grupo2_T3_AppGrafos", "Grupo2_T3_AppGrafos\Grupo2_T3_AppGrafos.csproj", "{C9E3B484-6EE1-4769-BDB4-8309820BC668}"
EndProject
Global
	GlobalSection(SolutionConfigurationPlatforms) = preSolution
		Debug|Any CPU = Debug|Any CPU
		Release|Any CPU = Release|Any CPU
	EndGlobalSection
	GlobalSection(ProjectConfigurationPlatforms) = postSolution
		{C9E3B484-6EE1-4769-BDB4-8309820BC668}.Debug|Any CPU.ActiveCfg = Debug|Any CPU
		{C9E3B484-6EE1-4769-BDB4-8309820BC668}.Debug|Any CPU.Build.0 = Debug|Any CPU
		{C9E3B484-6EE1-4769-BDB4-8309820BC668}.Release|Any CPU.ActiveCfg = Release|Any CPU
		{C9E3B484-6EE1-4769-BDB4-8309820BC668}.Release|Any CPU.Build.0 = Release|Any CPU
	EndGlobalSection
	GlobalSection(SolutionProperties) = preSolution
		HideSolutionNode = FALSE
	EndGlobalSection
	GlobalSection(ExtensibilityGlobals) = postSolution
		SolutionGuid = {D98A9B27-1CD9-40B5-8100-53D094FFD94F}
	EndGlobalSection
EndGlobal
